{
  "name": "jenkins-runner",
  "version": "1.0.0",
  "lockfileVersion": 1,
  "requires": true,
  "dependencies": {
    "@types/commander": {
      "version": "2.12.2",
      "resolved": "https://registry.npm.taobao.org/@types/commander/download/@types/commander-2.12.2.tgz",
      "integrity": "sha1-GDBBojhC1CgUePpdI8XKeOb9CK4=",
      "dev": true,
      "requires": {
        "commander": "*"
      }
    },
    "@types/crypto-js": {
      "version": "4.0.2",
      "resolved": "https://registry.nlark.com/@types/crypto-js/download/@types/crypto-js-4.0.2.tgz?cache=0&sync_timestamp=1629707142393&other_urls=https%3A%2F%2Fregistry.nlark.com%2F%40types%2Fcrypto-js%2Fdownload%2F%40types%2Fcrypto-js-4.0.2.tgz",
      "integrity": "sha1-RSQyWhdb+Bn+xuQlYMOJzh+5LJc=",
      "dev": true
    },
    "@types/debug": {
      "version": "4.1.7",
      "resolved": "https://registry.nlark.com/@types/debug/download/@types/debug-4.1.7.tgz?cache=0&sync_timestamp=1629707134396&other_urls=https%3A%2F%2Fregistry.nlark.com%2F%40types%2Fdebug%2Fdownload%2F%40types%2Fdebug-4.1.7.tgz",
      "integrity": "sha1-fMDqdhUJEkcJuLLRCQ2PbBeq24I=",
      "dev": true,
      "requires": {
        "@types/ms": "*"
      }
    },
    "@types/jenkins": {
      "version": "0.23.2",
      "resolved": "https://registry.nlark.com/@types/jenkins/download/@types/jenkins-0.23.2.tgz",
      "integrity": "sha1-lnNqK+SQTv3+f+JlBWlHn9d9xI4=",
      "dev": true,
      "requires": {
        "@types/node": "*"
      }
    },
    "@types/ms": {
      "version": "0.7.31",
      "resolved": "https://registry.nlark.com/@types/ms/download/@types/ms-0.7.31.tgz?cache=0&sync_timestamp=1629708397505&other_urls=https%3A%2F%2Fregistry.nlark.com%2F%40types%2Fms%2Fdownload%2F%40types%2Fms-0.7.31.tgz",
      "integrity": "sha1-MbfKZAcSij0rvCf+LSGzRTl/YZc=",
      "dev": true
    },
    "@types/node": {
      "version": "16.10.1",
      "resolved": "https://registry.npmmirror.com/@types/node/download/@types/node-16.10.1.tgz?cache=0&sync_timestamp=1632567960242&other_urls=https%3A%2F%2Fregistry.npmmirror.com%2F%40types%2Fnode%2Fdownload%2F%40types%2Fnode-16.10.1.tgz",
      "integrity": "sha1-82R2IxmcqSCWAAaz3M9jPqkF8kM=",
      "dev": true
    },
    "ansi-styles": {
      "version": "4.3.0",
      "resolved": "https://registry.nlark.com/ansi-styles/download/ansi-styles-4.3.0.tgz?cache=0&sync_timestamp=1618995588464&other_urls=https%3A%2F%2Fregistry.nlark.com%2Fansi-styles%2Fdownload%2Fansi-styles-4.3.0.tgz",
      "integrity": "sha1-7dgDYornHATIWuegkG7a00tkiTc=",
      "requires": {
        "color-convert": "^2.0.1"
      }
    },
    "axios": {
      "version": "0.21.4",
      "resolved": "https://registry.nlark.com/axios/download/axios-0.21.4.tgz?cache=0&sync_timestamp=1630942582656&other_urls=https%3A%2F%2Fregistry.nlark.com%2Faxios%2Fdownload%2Faxios-0.21.4.tgz",
      "integrity": "sha1-xnuQ3AVo5cHPKwuFjEO6KOLtpXU=",
      "requires": {
        "follow-redirects": "^1.14.0"
      },
      "dependencies": {
        "follow-redirects": {
          "version": "1.14.4",
          "resolved": "https://registry.nlark.com/follow-redirects/download/follow-redirects-1.14.4.tgz?cache=0&sync_timestamp=1631622129411&other_urls=https%3A%2F%2Fregistry.nlark.com%2Ffollow-redirects%2Fdownload%2Ffollow-redirects-1.14.4.tgz",
          "integrity": "sha1-g4/fSKi73XnlLuUfsclOPtmLk3k="
        }
      }
    },
    "chalk": {
      "version": "4.1.2",
      "resolved": "https://registry.nlark.com/chalk/download/chalk-4.1.2.tgz?cache=0&sync_timestamp=1627646655305&other_urls=https%3A%2F%2Fregistry.nlark.com%2Fchalk%2Fdownload%2Fchalk-4.1.2.tgz",
      "integrity": "sha1-qsTit3NKdAhnrrFr8CqtVWoeegE=",
      "requires": {
        "ansi-styles": "^4.1.0",
        "supports-color": "^7.1.0"
      }
    },
    "color-convert": {
      "version": "2.0.1",
      "resolved": "https://registry.npm.taobao.org/color-convert/download/color-convert-2.0.1.tgz",
      "integrity": "sha1-ctOmjVmMm9s68q0ehPIdiWq9TeM=",
      "requires": {
        "color-name": "~1.1.4"
      }
    },
    "color-name": {
      "version": "1.1.4",
      "resolved": "https://registry.npm.taobao.org/color-name/download/color-name-1.1.4.tgz",
      "integrity": "sha1-wqCah6y95pVD3m9j+jmVyCbFNqI="
    },
    "commander": {
      "version": "8.2.0",
      "resolved": "https://registry.nlark.com/commander/download/commander-8.2.0.tgz",
      "integrity": "sha1-N/4r3jAdh9R6U63v+LWRXbE4HKg="
    },
    "cross-env": {
      "version": "7.0.3",
      "resolved": "https://registry.nlark.com/cross-env/download/cross-env-7.0.3.tgz",
      "integrity": "sha1-hlJkspZ33AFbqEGJGJZd0jL8VM8=",
      "dev": true,
      "requires": {
        "cross-spawn": "^7.0.1"
      }
    },
    "cross-spawn": {
      "version": "7.0.3",
      "resolved": "https://registry.npm.taobao.org/cross-spawn/download/cross-spawn-7.0.3.tgz?cache=0&sync_timestamp=1606748073153&other_urls=https%3A%2F%2Fregistry.npm.taobao.org%2Fcross-spawn%2Fdownload%2Fcross-spawn-7.0.3.tgz",
      "integrity": "sha1-9zqFudXUHQRVUcF34ogtSshXKKY=",
      "dev": true,
      "requires": {
        "path-key": "^3.1.0",
        "shebang-command": "^2.0.0",
        "which": "^2.0.1"
      }
    },
    "crypto-js": {
      "version": "4.1.1",
      "resolved": "https://registry.nlark.com/crypto-js/download/crypto-js-4.1.1.tgz",
      "integrity": "sha1-nkhbzwNSEEG9hYRHhrg/t2GXNs8="
    },
    "debug": {
      "version": "4.3.2",
      "resolved": "https://registry.nlark.com/debug/download/debug-4.3.2.tgz?cache=0&sync_timestamp=1625374648057&other_urls=https%3A%2F%2Fregistry.nlark.com%2Fdebug%2Fdownload%2Fdebug-4.3.2.tgz",
      "integrity": "sha1-8KScGKyHeeMdSgxgKd+3aHPHQos=",
      "requires": {
        "ms": "2.1.2"
      }
    },
    "has-flag": {
      "version": "4.0.0",
      "resolved": "https://registry.nlark.com/has-flag/download/has-flag-4.0.0.tgz?cache=0&sync_timestamp=1626715907927&other_urls=https%3A%2F%2Fregistry.nlark.com%2Fhas-flag%2Fdownload%2Fhas-flag-4.0.0.tgz",
      "integrity": "sha1-lEdx/ZyByBJlxNaUGGDaBrtZR5s="
    },
    "isexe": {
      "version": "2.0.0",
      "resolved": "https://registry.npm.taobao.org/isexe/download/isexe-2.0.0.tgz",
      "integrity": "sha1-6PvzdNxVb/iUehDcsFctYz8s+hA=",
      "dev": true
    },
    "jenkins": {
      "version": "0.28.1",
      "resolved": "https://registry.npm.taobao.org/jenkins/download/jenkins-0.28.1.tgz",
      "integrity": "sha1-95UXmO5dK7UBqDGXm2tezBqSKmQ=",
      "requires": {
        "papi": "^0.29.0"
      }
    },
    "ms": {
      "version": "2.1.2",
      "resolved": "https://registry.npmmirror.com/ms/download/ms-2.1.2.tgz",
      "integrity": "sha1-0J0fNXtEP0kzgqjrPM0YOHKuYAk="
    },
    "papi": {
      "version": "0.29.1",
      "resolved": "https://registry.nlark.com/papi/download/papi-0.29.1.tgz",
      "integrity": "sha1-c3PixSf1EX1h/SoObGsd1yv38YA="
    },
    "path-key": {
      "version": "3.1.1",
      "resolved": "https://registry.nlark.com/path-key/download/path-key-3.1.1.tgz",
      "integrity": "sha1-WB9q3mWMu6ZaDTOA3ndTKVBU83U=",
      "dev": true
    },
    "shebang-command": {
      "version": "2.0.0",
      "resolved": "https://registry.npm.taobao.org/shebang-command/download/shebang-command-2.0.0.tgz",
      "integrity": "sha1-zNCvT4g1+9wmW4JGGq8MNmY/NOo=",
      "dev": true,
      "requires": {
        "shebang-regex": "^3.0.0"
      }
    },
    "shebang-regex": {
      "version": "3.0.0",
      "resolved": "https://registry.nlark.com/shebang-regex/download/shebang-regex-3.0.0.tgz",
      "integrity": "sha1-rhbxZE2HPsrYQ7AwexQzYtTEIXI=",
      "dev": true
    },
    "supports-color": {
      "version": "7.2.0",
      "resolved": "https://registry.nlark.com/supports-color/download/supports-color-7.2.0.tgz",
      "integrity": "sha1-G33NyzK4E4gBs+R4umpRyqiWSNo=",
      "requires": {
        "has-flag": "^4.0.0"
      }
    },
    "which": {
      "version": "2.0.2",
      "resolved": "https://registry.npm.taobao.org/which/download/which-2.0.2.tgz",
      "integrity": "sha1-fGqN0KY2oDJ+ELWckobu6T8/UbE=",
      "dev": true,
      "requires": {
        "isexe": "^2.0.0"
      }
    }
  }
}
